
Microsoft Visual Studio Solution File, Format Version 12.00
# Visual Studio Version 17
VisualStudioVersion = 17.7.34031.279
MinimumVisualStudioVersion = 10.0.40219.1
Project("{FAE04EC0-301F-11D3-BF4B-00C04F79EFBC}") = "22. Static methods and attribute", "22. Static methods and attribute\22. Static methods and attribute.csproj", "{D96B0FB7-B07C-43B5-80C4-56AA2D80959A}"
EndProject
Global
	GlobalSection(SolutionConfigurationPlatforms) = preSolution
		Debug|Any CPU = Debug|Any CPU
		Release|Any CPU = Release|Any CPU
	EndGlobalSection
	GlobalSection(ProjectConfigurationPlatforms) = postSolution
		{D96B0FB7-B07C-43B5-80C4-56AA2D80959A}.Debug|Any CPU.ActiveCfg = Debug|Any CPU
		{D96B0FB7-B07C-43B5-80C4-56AA2D80959A}.Debug|Any CPU.Build.0 = Debug|Any CPU
		{D96B0FB7-B07C-43B5-80C4-56AA2D80959A}.Release|Any CPU.ActiveCfg = Release|Any CPU
		{D96B0FB7-B07C-43B5-80C4-56AA2D80959A}.Release|Any CPU.Build.0 = Release|Any CPU
	EndGlobalSection
	GlobalSection(SolutionProperties) = preSolution
		HideSolutionNode = FALSE
	EndGlobalSection
	GlobalSection(ExtensibilityGlobals) = postSolution
		SolutionGuid = {76227FDA-F449-42FC-8DFD-45EC576F0564}
	EndGlobalSection
EndGlobal
